
Microsoft Visual Studio Solution File, Format Version 12.00
# Visual Studio Version 16
VisualStudioVersion = 16.0.30002.166
MinimumVisualStudioVersion = 10.0.40219.1
Project("{FAE04EC0-301F-11D3-BF4B-00C04F79EFBC}") = "PrivateRepoAccessAPI", "PrivateRepoAccessAPI\PrivateRepoAccessAPI.csproj", "{F25DD5FA-D614-4171-B74A-CD3D9BFA132E}"
EndProject
Project("{FAE04EC0-301F-11D3-BF4B-00C04F79EFBC}") = "PrivateRepoAccessAPILib", "PrivateRepoAccessAPILib\PrivateRepoAccessAPILib.csproj", "{0B827931-68F2-4C70-A381-89DF429E904A}"
EndProject
Global
	GlobalSection(SolutionConfigurationPlatforms) = preSolution
		Debug|Any CPU = Debug|Any CPU
		Release|Any CPU = Release|Any CPU
	EndGlobalSection
	GlobalSection(ProjectConfigurationPlatforms) = postSolution
		{F25DD5FA-D614-4171-B74A-CD3D9BFA132E}.Debug|Any CPU.ActiveCfg = Debug|Any CPU
		{F25DD5FA-D614-4171-B74A-CD3D9BFA132E}.Debug|Any CPU.Build.0 = Debug|Any CPU
		{F25DD5FA-D614-4171-B74A-CD3D9BFA132E}.Release|Any CPU.ActiveCfg = Release|Any CPU
		{F25DD5FA-D614-4171-B74A-CD3D9BFA132E}.Release|Any CPU.Build.0 = Release|Any CPU
		{0B827931-68F2-4C70-A381-89DF429E904A}.Debug|Any CPU.ActiveCfg = Debug|Any CPU
		{0B827931-68F2-4C70-A381-89DF429E904A}.Debug|Any CPU.Build.0 = Debug|Any CPU
		{0B827931-68F2-4C70-A381-89DF429E904A}.Release|Any CPU.ActiveCfg = Release|Any CPU
		{0B827931-68F2-4C70-A381-89DF429E904A}.Release|Any CPU.Build.0 = Release|Any CPU
	EndGlobalSection
	GlobalSection(SolutionProperties) = preSolution
		HideSolutionNode = FALSE
	EndGlobalSection
	GlobalSection(ExtensibilityGlobals) = postSolution
		SolutionGuid = {3645B10F-A32C-46E2-B3F7-4560FA4410A6}
	EndGlobalSection
EndGlobal
